
Microsoft Visual Studio Solution File, Format Version 12.00
# Visual Studio 2013
VisualStudioVersion = 12.0.21005.1
MinimumVisualStudioVersion = 10.0.40219.1
Project("{FAE04EC0-301F-11D3-BF4B-00C04F79EFBC}") = "MyNextApp.Components", "MyNextApp.Components\MyNextApp.Components.csproj", "{B1541412-D78D-4966-AAB8-298944A4B869}"
EndProject
Project("{FAE04EC0-301F-11D3-BF4B-00C04F79EFBC}") = "MyNextApp.Web", "MyNextApp.Web\MyNextApp.Web.csproj", "{660CE129-7ABD-4F56-B8D0-E52526B74139}"
EndProject
Global
	GlobalSection(SolutionConfigurationPlatforms) = preSolution
		Debug|Any CPU = Debug|Any CPU
		Release|Any CPU = Release|Any CPU
	EndGlobalSection
	GlobalSection(ProjectConfigurationPlatforms) = postSolution
		{B1541412-D78D-4966-AAB8-298944A4B869}.Debug|Any CPU.ActiveCfg = Debug|Any CPU
		{B1541412-D78D-4966-AAB8-298944A4B869}.Debug|Any CPU.Build.0 = Debug|Any CPU
		{B1541412-D78D-4966-AAB8-298944A4B869}.Release|Any CPU.ActiveCfg = Release|Any CPU
		{B1541412-D78D-4966-AAB8-298944A4B869}.Release|Any CPU.Build.0 = Release|Any CPU
		{660CE129-7ABD-4F56-B8D0-E52526B74139}.Debug|Any CPU.ActiveCfg = Debug|Any CPU
		{660CE129-7ABD-4F56-B8D0-E52526B74139}.Debug|Any CPU.Build.0 = Debug|Any CPU
		{660CE129-7ABD-4F56-B8D0-E52526B74139}.Release|Any CPU.ActiveCfg = Release|Any CPU
		{660CE129-7ABD-4F56-B8D0-E52526B74139}.Release|Any CPU.Build.0 = Release|Any CPU
	EndGlobalSection
	GlobalSection(SolutionProperties) = preSolution
		HideSolutionNode = FALSE
	EndGlobalSection
EndGlobal
